
Microsoft Visual Studio Solution File, Format Version 12.00
# Visual Studio 14
VisualStudioVersion = 14.0.25123.0
MinimumVisualStudioVersion = 10.0.40219.1
Project("{FAE04EC0-301F-11D3-BF4B-00C04F79EFBC}") = "LZ4DecompressionTests", "DecompressionTests\LZ4DecompressionTests.csproj", "{1D856ACF-6CD4-40C4-9350-329E601F4410}"
EndProject
Project("{FAE04EC0-301F-11D3-BF4B-00C04F79EFBC}") = "LZ4Decompressor", "LZ4Decompressor\LZ4Decompressor.csproj", "{CFD65CD9-E398-41EE-B7B8-FDE2AFA0C98E}"
EndProject
Global
	GlobalSection(SolutionConfigurationPlatforms) = preSolution
		Debug|Any CPU = Debug|Any CPU
		Release|Any CPU = Release|Any CPU
	EndGlobalSection
	GlobalSection(ProjectConfigurationPlatforms) = postSolution
		{1D856ACF-6CD4-40C4-9350-329E601F4410}.Debug|Any CPU.ActiveCfg = Debug|Any CPU
		{1D856ACF-6CD4-40C4-9350-329E601F4410}.Debug|Any CPU.Build.0 = Debug|Any CPU
		{1D856ACF-6CD4-40C4-9350-329E601F4410}.Release|Any CPU.ActiveCfg = Release|Any CPU
		{1D856ACF-6CD4-40C4-9350-329E601F4410}.Release|Any CPU.Build.0 = Release|Any CPU
		{CFD65CD9-E398-41EE-B7B8-FDE2AFA0C98E}.Debug|Any CPU.ActiveCfg = Debug|Any CPU
		{CFD65CD9-E398-41EE-B7B8-FDE2AFA0C98E}.Debug|Any CPU.Build.0 = Debug|Any CPU
		{CFD65CD9-E398-41EE-B7B8-FDE2AFA0C98E}.Release|Any CPU.ActiveCfg = Release|Any CPU
		{CFD65CD9-E398-41EE-B7B8-FDE2AFA0C98E}.Release|Any CPU.Build.0 = Release|Any CPU
	EndGlobalSection
	GlobalSection(SolutionProperties) = preSolution
		HideSolutionNode = FALSE
	EndGlobalSection
EndGlobal
